dependencies:
- name: dscp-node
  repository: https://digicatapult.github.io/dscp-node/
  version: 4.5.2
- name: dscp-ipfs
  repository: https://digicatapult.github.io/dscp-ipfs/
  version: 2.9.1
digest: sha256:a560df94d7ee10b87f659b7a35a0582616f3c5761b0be67bb5d912838e6040a8
generated: "2023-01-11T14:24:18.998339385Z"
