dependencies:
- name: dscp-node
  repository: https://digicatapult.github.io/dscp-node/
  version: 4.0.0
- name: dscp-ipfs
  repository: https://digicatapult.github.io/dscp-ipfs/
  version: 2.2.0
digest: sha256:c4f9d2a5c2a4889d6f5c3b4a066ded12dd04a48c72ab9b73ac2ed6c8251ebb15
generated: "2022-07-12T14:17:31.210104+01:00"
